
Microsoft Visual Studio Solution File, Format Version 11.00
# Visual Studio 2010
Project("{FAE04EC0-301F-11D3-BF4B-00C04F79EFBC}") = "ARCore-location", "Assembly-CSharp.csproj", "{BB3B7CD1-3219-E272-654F-8C4243911588}"
EndProject
Global
	GlobalSection(SolutionConfigurationPlatforms) = preSolution
		Debug|Any CPU = Debug|Any CPU
		Release|Any CPU = Release|Any CPU
	EndGlobalSection
	GlobalSection(ProjectConfigurationPlatforms) = postSolution
		{BB3B7CD1-3219-E272-654F-8C4243911588}.Debug|Any CPU.ActiveCfg = Debug|Any CPU
		{BB3B7CD1-3219-E272-654F-8C4243911588}.Debug|Any CPU.Build.0 = Debug|Any CPU
		{BB3B7CD1-3219-E272-654F-8C4243911588}.Release|Any CPU.ActiveCfg = Release|Any CPU
		{BB3B7CD1-3219-E272-654F-8C4243911588}.Release|Any CPU.Build.0 = Release|Any CPU
	EndGlobalSection
	GlobalSection(SolutionProperties) = preSolution
		HideSolutionNode = FALSE
	EndGlobalSection
	GlobalSection(MonoDevelopProperties) = preSolution
		StartupItem = Assembly-CSharp.csproj
	EndGlobalSection
EndGlobal
